Microsoft Visual Studio Solution File, Format Version 12.00
Project("{2150E333-8FDC-42A3-9474-1A3956D46DE8}") = "src", "src", "{1ADD6063-F7A1-4BB6-98CE-A7EC643FD20F}"
	ProjectSection(SolutionItems) = preProject
		src\Directory.Build.props = src\Directory.Build.props
	EndProjectSection
EndProject
Project("{FAE04EC0-301F-11D3-BF4B-00C04F79EFBC}") = "Container.Abstractions", "src\Container.Abstractions\Container.Abstractions.csproj", "{AEB3BDF2-12AC-4446-8F56-0D1EEBF1F2EF}"
EndProject
Project("{2150E333-8FDC-42A3-9474-1A3956D46DE8}") = "test", "test", "{558B7340-0330-4D4A-87D9-680D83CFD1A1}"
	ProjectSection(SolutionItems) = preProject
		test\Directory.Build.props = test\Directory.Build.props
	EndProjectSection
EndProject
Project("{FAE04EC0-301F-11D3-BF4B-00C04F79EFBC}") = "Container.Abstractions.Tests", "test\Container.Abstractions.Tests\Container.Abstractions.Tests.csproj", "{02299ABE-A972-46D1-A1B0-156ABCB6384F}"
EndProject
Project("{FAE04EC0-301F-11D3-BF4B-00C04F79EFBC}") = "Container.Abstractions.Integration.Tests", "test\Container.Abstractions.Integration.Tests\Container.Abstractions.Integration.Tests.csproj", "{15C26CE5-2CE8-4C90-BFE4-880729162370}"
EndProject
Project("{FAE04EC0-301F-11D3-BF4B-00C04F79EFBC}") = "Container.Database", "src\Container.Database\Container.Database.csproj", "{060F100E-431F-41AC-8C61-CD88FC1A3369}"
EndProject
Project("{FAE04EC0-301F-11D3-BF4B-00C04F79EFBC}") = "Container.Database.AdoNet", "src\Container.Database.AdoNet\Container.Database.AdoNet.csproj", "{9577549B-73BF-40E4-AC27-21A255C1C1AA}"
EndProject
Project("{FAE04EC0-301F-11D3-BF4B-00C04F79EFBC}") = "Container.Database.PostgreSql", "src\Container.Database.PostgreSql\Container.Database.PostgreSql.csproj", "{26AB9B27-27F1-4A97-86D9-EDE52A642E2F}"
EndProject
Project("{FAE04EC0-301F-11D3-BF4B-00C04F79EFBC}") = "Container.Database.PostgreSql.Integration.Tests", "test\Container.Database.PostgreSql.Integration.Tests\Container.Database.PostgreSql.Integration.Tests.csproj", "{C280606F-AD59-4DA2-9C2F-472E63802769}"
EndProject
Project("{FAE04EC0-301F-11D3-BF4B-00C04F79EFBC}") = "Container.Test.Utility", "test\Container.Test.Utility\Container.Test.Utility.csproj", "{B8004182-F219-4BA5-AE20-4C80B9C40E85}"
EndProject
Project("{FAE04EC0-301F-11D3-BF4B-00C04F79EFBC}") = "Container.Database.MsSql", "src\Container.Database.MsSql\Container.Database.MsSql.csproj", "{2F8A214E-F9C6-49DA-A2F3-F2C9DB574F04}"
EndProject
Project("{FAE04EC0-301F-11D3-BF4B-00C04F79EFBC}") = "Container.Database.MsSql.Integration.Tests", "test\Container.Database.MsSql.Integration.Tests\Container.Database.MsSql.Integration.Tests.csproj", "{C0ECFC75-76C6-455D-AD38-518E0BC7BDB6}"
EndProject
Project("{FAE04EC0-301F-11D3-BF4B-00C04F79EFBC}") = "Container.Database.ArangoDb", "src\Container.Database.ArangoDb\Container.Database.ArangoDb.csproj", "{6791AF3D-55F3-49FA-ABD3-37831A7EEE6D}"
EndProject
Project("{FAE04EC0-301F-11D3-BF4B-00C04F79EFBC}") = "Container.Database.ArangoDb.Integration.Tests", "test\Container.Database.ArangoDb.Integration.Tests\Container.Database.ArangoDb.Integration.Tests.csproj", "{DF4C5515-381E-493E-B3B1-5708658B3C7C}"
EndProject
Project("{FAE04EC0-301F-11D3-BF4B-00C04F79EFBC}") = "ResourceReaper.Integration.Tests", "test\ResourceReaper.Integration.Tests\ResourceReaper.Integration.Tests.csproj", "{B8B3910D-FB6C-4262-AE7B-684534F10713}"
EndProject
Project("{FAE04EC0-301F-11D3-BF4B-00C04F79EFBC}") = "Container.Database.MySql", "src\Container.Database.MySql\Container.Database.MySql.csproj", "{B7F80A2B-2B70-4987-91BB-70A1D3CA4163}"
EndProject
Project("{FAE04EC0-301F-11D3-BF4B-00C04F79EFBC}") = "Container.Database.MySql.Integration.Tests", "test\Container.Database.MySql.Integration.Tests\Container.Database.MySql.Integration.Tests.csproj", "{2E5A7DFD-E34C-4DEA-A85D-B5185867839A}"
EndProject
Global
	GlobalSection(SolutionConfigurationPlatforms) = preSolution
		Debug|Any CPU = Debug|Any CPU
		Release|Any CPU = Release|Any CPU
	EndGlobalSection
	GlobalSection(NestedProjects) = preSolution
		{AEB3BDF2-12AC-4446-8F56-0D1EEBF1F2EF} = {1ADD6063-F7A1-4BB6-98CE-A7EC643FD20F}
		{02299ABE-A972-46D1-A1B0-156ABCB6384F} = {558B7340-0330-4D4A-87D9-680D83CFD1A1}
		{15C26CE5-2CE8-4C90-BFE4-880729162370} = {558B7340-0330-4D4A-87D9-680D83CFD1A1}
		{060F100E-431F-41AC-8C61-CD88FC1A3369} = {1ADD6063-F7A1-4BB6-98CE-A7EC643FD20F}
		{9577549B-73BF-40E4-AC27-21A255C1C1AA} = {1ADD6063-F7A1-4BB6-98CE-A7EC643FD20F}
		{26AB9B27-27F1-4A97-86D9-EDE52A642E2F} = {1ADD6063-F7A1-4BB6-98CE-A7EC643FD20F}
		{C280606F-AD59-4DA2-9C2F-472E63802769} = {558B7340-0330-4D4A-87D9-680D83CFD1A1}
		{B8004182-F219-4BA5-AE20-4C80B9C40E85} = {558B7340-0330-4D4A-87D9-680D83CFD1A1}
		{2F8A214E-F9C6-49DA-A2F3-F2C9DB574F04} = {1ADD6063-F7A1-4BB6-98CE-A7EC643FD20F}
		{C0ECFC75-76C6-455D-AD38-518E0BC7BDB6} = {558B7340-0330-4D4A-87D9-680D83CFD1A1}
		{6791AF3D-55F3-49FA-ABD3-37831A7EEE6D} = {1ADD6063-F7A1-4BB6-98CE-A7EC643FD20F}
		{DF4C5515-381E-493E-B3B1-5708658B3C7C} = {558B7340-0330-4D4A-87D9-680D83CFD1A1}
		{B8B3910D-FB6C-4262-AE7B-684534F10713} = {558B7340-0330-4D4A-87D9-680D83CFD1A1}
		{B7F80A2B-2B70-4987-91BB-70A1D3CA4163} = {1ADD6063-F7A1-4BB6-98CE-A7EC643FD20F}
		{2E5A7DFD-E34C-4DEA-A85D-B5185867839A} = {558B7340-0330-4D4A-87D9-680D83CFD1A1}
	EndGlobalSection
	GlobalSection(ProjectConfigurationPlatforms) = postSolution
		{AEB3BDF2-12AC-4446-8F56-0D1EEBF1F2EF}.Debug|Any CPU.ActiveCfg = Debug|Any CPU
		{AEB3BDF2-12AC-4446-8F56-0D1EEBF1F2EF}.Debug|Any CPU.Build.0 = Debug|Any CPU
		{AEB3BDF2-12AC-4446-8F56-0D1EEBF1F2EF}.Release|Any CPU.ActiveCfg = Release|Any CPU
		{AEB3BDF2-12AC-4446-8F56-0D1EEBF1F2EF}.Release|Any CPU.Build.0 = Release|Any CPU
		{02299ABE-A972-46D1-A1B0-156ABCB6384F}.Debug|Any CPU.ActiveCfg = Debug|Any CPU
		{02299ABE-A972-46D1-A1B0-156ABCB6384F}.Debug|Any CPU.Build.0 = Debug|Any CPU
		{02299ABE-A972-46D1-A1B0-156ABCB6384F}.Release|Any CPU.ActiveCfg = Release|Any CPU
		{02299ABE-A972-46D1-A1B0-156ABCB6384F}.Release|Any CPU.Build.0 = Release|Any CPU
		{15C26CE5-2CE8-4C90-BFE4-880729162370}.Debug|Any CPU.ActiveCfg = Debug|Any CPU
		{15C26CE5-2CE8-4C90-BFE4-880729162370}.Debug|Any CPU.Build.0 = Debug|Any CPU
		{15C26CE5-2CE8-4C90-BFE4-880729162370}.Release|Any CPU.ActiveCfg = Release|Any CPU
		{15C26CE5-2CE8-4C90-BFE4-880729162370}.Release|Any CPU.Build.0 = Release|Any CPU
		{060F100E-431F-41AC-8C61-CD88FC1A3369}.Debug|Any CPU.ActiveCfg = Debug|Any CPU
		{060F100E-431F-41AC-8C61-CD88FC1A3369}.Debug|Any CPU.Build.0 = Debug|Any CPU
		{060F100E-431F-41AC-8C61-CD88FC1A3369}.Release|Any CPU.ActiveCfg = Release|Any CPU
		{060F100E-431F-41AC-8C61-CD88FC1A3369}.Release|Any CPU.Build.0 = Release|Any CPU
		{9577549B-73BF-40E4-AC27-21A255C1C1AA}.Debug|Any CPU.ActiveCfg = Debug|Any CPU
		{9577549B-73BF-40E4-AC27-21A255C1C1AA}.Debug|Any CPU.Build.0 = Debug|Any CPU
		{9577549B-73BF-40E4-AC27-21A255C1C1AA}.Release|Any CPU.ActiveCfg = Release|Any CPU
		{9577549B-73BF-40E4-AC27-21A255C1C1AA}.Release|Any CPU.Build.0 = Release|Any CPU
		{26AB9B27-27F1-4A97-86D9-EDE52A642E2F}.Debug|Any CPU.ActiveCfg = Debug|Any CPU
		{26AB9B27-27F1-4A97-86D9-EDE52A642E2F}.Debug|Any CPU.Build.0 = Debug|Any CPU
		{26AB9B27-27F1-4A97-86D9-EDE52A642E2F}.Release|Any CPU.ActiveCfg = Release|Any CPU
		{26AB9B27-27F1-4A97-86D9-EDE52A642E2F}.Release|Any CPU.Build.0 = Release|Any CPU
		{C280606F-AD59-4DA2-9C2F-472E63802769}.Debug|Any CPU.ActiveCfg = Debug|Any CPU
		{C280606F-AD59-4DA2-9C2F-472E63802769}.Debug|Any CPU.Build.0 = Debug|Any CPU
		{C280606F-AD59-4DA2-9C2F-472E63802769}.Release|Any CPU.ActiveCfg = Release|Any CPU
		{C280606F-AD59-4DA2-9C2F-472E63802769}.Release|Any CPU.Build.0 = Release|Any CPU
		{B8004182-F219-4BA5-AE20-4C80B9C40E85}.Debug|Any CPU.ActiveCfg = Debug|Any CPU
		{B8004182-F219-4BA5-AE20-4C80B9C40E85}.Debug|Any CPU.Build.0 = Debug|Any CPU
		{B8004182-F219-4BA5-AE20-4C80B9C40E85}.Release|Any CPU.ActiveCfg = Release|Any CPU
		{B8004182-F219-4BA5-AE20-4C80B9C40E85}.Release|Any CPU.Build.0 = Release|Any CPU
		{2F8A214E-F9C6-49DA-A2F3-F2C9DB574F04}.Debug|Any CPU.ActiveCfg = Debug|Any CPU
		{2F8A214E-F9C6-49DA-A2F3-F2C9DB574F04}.Debug|Any CPU.Build.0 = Debug|Any CPU
		{2F8A214E-F9C6-49DA-A2F3-F2C9DB574F04}.Release|Any CPU.ActiveCfg = Release|Any CPU
		{2F8A214E-F9C6-49DA-A2F3-F2C9DB574F04}.Release|Any CPU.Build.0 = Release|Any CPU
		{C0ECFC75-76C6-455D-AD38-518E0BC7BDB6}.Debug|Any CPU.ActiveCfg = Debug|Any CPU
		{C0ECFC75-76C6-455D-AD38-518E0BC7BDB6}.Debug|Any CPU.Build.0 = Debug|Any CPU
		{C0ECFC75-76C6-455D-AD38-518E0BC7BDB6}.Release|Any CPU.ActiveCfg = Release|Any CPU
		{C0ECFC75-76C6-455D-AD38-518E0BC7BDB6}.Release|Any CPU.Build.0 = Release|Any CPU
		{6791AF3D-55F3-49FA-ABD3-37831A7EEE6D}.Debug|Any CPU.ActiveCfg = Debug|Any CPU
		{6791AF3D-55F3-49FA-ABD3-37831A7EEE6D}.Debug|Any CPU.Build.0 = Debug|Any CPU
		{6791AF3D-55F3-49FA-ABD3-37831A7EEE6D}.Release|Any CPU.ActiveCfg = Release|Any CPU
		{6791AF3D-55F3-49FA-ABD3-37831A7EEE6D}.Release|Any CPU.Build.0 = Release|Any CPU
		{DF4C5515-381E-493E-B3B1-5708658B3C7C}.Debug|Any CPU.ActiveCfg = Debug|Any CPU
		{DF4C5515-381E-493E-B3B1-5708658B3C7C}.Debug|Any CPU.Build.0 = Debug|Any CPU
		{DF4C5515-381E-493E-B3B1-5708658B3C7C}.Release|Any CPU.ActiveCfg = Release|Any CPU
		{DF4C5515-381E-493E-B3B1-5708658B3C7C}.Release|Any CPU.Build.0 = Release|Any CPU
		{B8B3910D-FB6C-4262-AE7B-684534F10713}.Debug|Any CPU.ActiveCfg = Debug|Any CPU
		{B8B3910D-FB6C-4262-AE7B-684534F10713}.Debug|Any CPU.Build.0 = Debug|Any CPU
		{B8B3910D-FB6C-4262-AE7B-684534F10713}.Release|Any CPU.ActiveCfg = Release|Any CPU
		{B8B3910D-FB6C-4262-AE7B-684534F10713}.Release|Any CPU.Build.0 = Release|Any CPU
		{B7F80A2B-2B70-4987-91BB-70A1D3CA4163}.Debug|Any CPU.ActiveCfg = Debug|Any CPU
		{B7F80A2B-2B70-4987-91BB-70A1D3CA4163}.Debug|Any CPU.Build.0 = Debug|Any CPU
		{B7F80A2B-2B70-4987-91BB-70A1D3CA4163}.Release|Any CPU.ActiveCfg = Release|Any CPU
		{B7F80A2B-2B70-4987-91BB-70A1D3CA4163}.Release|Any CPU.Build.0 = Release|Any CPU
		{2E5A7DFD-E34C-4DEA-A85D-B5185867839A}.Debug|Any CPU.ActiveCfg = Debug|Any CPU
		{2E5A7DFD-E34C-4DEA-A85D-B5185867839A}.Debug|Any CPU.Build.0 = Debug|Any CPU
		{2E5A7DFD-E34C-4DEA-A85D-B5185867839A}.Release|Any CPU.ActiveCfg = Release|Any CPU
		{2E5A7DFD-E34C-4DEA-A85D-B5185867839A}.Release|Any CPU.Build.0 = Release|Any CPU
	EndGlobalSection
EndGlobal
